// !$*UTF8*$!
{
	archiveVersion = 1;
	classes = {
	};
	objectVersion = 46;
	objects = {

/* Begin PBXBuildFile section */
		848CBAD11D6108E8003CFA55 /* AppDelegate.swift in Sources */ = {isa = PBXBuildFile; fileRef = 848CBAD01D6108E8003CFA55 /* AppDelegate.swift */; };
		848CBAD81D6108E8003CFA55 /* Main.storyboard in Resources */ = {isa = PBXBuildFile; fileRef = 848CBAD61D6108E8003CFA55 /* Main.storyboard */; };
		848CBADA1D6108E8003CFA55 /* Assets.xcassets in Resources */ = {isa = PBXBuildFile; fileRef = 848CBAD91D6108E8003CFA55 /* Assets.xcassets */; };
		848CBADD1D6108E8003CFA55 /* LaunchScreen.storyboard in Resources */ = {isa = PBXBuildFile; fileRef = 848CBADB1D6108E8003CFA55 /* LaunchScreen.storyboard */; };
		848CBB101D61311F003CFA55 /* GoogleService-Info.plist in Resources */ = {isa = PBXBuildFile; fileRef = 848CBB0F1D61311F003CFA55 /* GoogleService-Info.plist */; };
		84F7B2251DECB03700D74DBB /* AddPostVC.swift in Sources */ = {isa = PBXBuildFile; fileRef = 84F7B2201DECB03700D74DBB /* AddPostVC.swift */; };
		84F7B2261DECB03700D74DBB /* ChoosePostVC.swift in Sources */ = {isa = PBXBuildFile; fileRef = 84F7B2211DECB03700D74DBB /* ChoosePostVC.swift */; };
		84F7B2271DECB03700D74DBB /* LoginVC.swift in Sources */ = {isa = PBXBuildFile; fileRef = 84F7B2221DECB03700D74DBB /* LoginVC.swift */; };
		84F7B2281DECB03700D74DBB /* PostDetailVC.swift in Sources */ = {isa = PBXBuildFile; fileRef = 84F7B2231DECB03700D74DBB /* PostDetailVC.swift */; };
		84F7B2291DECB03700D74DBB /* PostListVC.swift in Sources */ = {isa = PBXBuildFile; fileRef = 84F7B2241DECB03700D74DBB /* PostListVC.swift */; };
		84F7B2341DECB0E500D74DBB /* ChoosePostView.swift in Sources */ = {isa = PBXBuildFile; fileRef = 84F7B22B1DECB0E500D74DBB /* ChoosePostView.swift */; };
		84F7B2351DECB0E500D74DBB /* CircularLoaderView.swift in Sources */ = {isa = PBXBuildFile; fileRef = 84F7B22C1DECB0E500D74DBB /* CircularLoaderView.swift */; };
		84F7B2361DECB0E500D74DBB /* CustomImageView.swift in Sources */ = {isa = PBXBuildFile; fileRef = 84F7B22D1DECB0E500D74DBB /* CustomImageView.swift */; };
		84F7B2371DECB0E500D74DBB /* CustomProgressView.swift in Sources */ = {isa = PBXBuildFile; fileRef = 84F7B22E1DECB0E500D74DBB /* CustomProgressView.swift */; };
		84F7B2381DECB0E500D74DBB /* ImageLabelView.swift in Sources */ = {isa = PBXBuildFile; fileRef = 84F7B22F1DECB0E500D74DBB /* ImageLabelView.swift */; };
		84F7B2391DECB0E500D74DBB /* LoginButtonView.swift in Sources */ = {isa = PBXBuildFile; fileRef = 84F7B2301DECB0E500D74DBB /* LoginButtonView.swift */; };
		84F7B23A1DECB0E500D74DBB /* MaterialTextField.swift in Sources */ = {isa = PBXBuildFile; fileRef = 84F7B2311DECB0E500D74DBB /* MaterialTextField.swift */; };
		84F7B23B1DECB0E500D74DBB /* MaterialView.swift in Sources */ = {isa = PBXBuildFile; fileRef = 84F7B2321DECB0E500D74DBB /* MaterialView.swift */; };
		84F7B23C1DECB0E500D74DBB /* PostCell.swift in Sources */ = {isa = PBXBuildFile; fileRef = 84F7B2331DECB0E500D74DBB /* PostCell.swift */; };
		84F7B23F1DECB0F400D74DBB /* Post.swift in Sources */ = {isa = PBXBuildFile; fileRef = 84F7B23E1DECB0F400D74DBB /* Post.swift */; };
		84F7B2421DECB10000D74DBB /* DataService.swift in Sources */ = {isa = PBXBuildFile; fileRef = 84F7B2411DECB10000D74DBB /* DataService.swift */; };
		84F7B2461DECB10A00D74DBB /* Constants.swift in Sources */ = {isa = PBXBuildFile; fileRef = 84F7B2441DECB10A00D74DBB /* Constants.swift */; };
		84F7B2471DECB10A00D74DBB /* Extensions.swift in Sources */ = {isa = PBXBuildFile; fileRef = 84F7B2451DECB10A00D74DBB /* Extensions.swift */; };
		84F7B24C1DECB11500D74DBB /* Bolts.framework in Frameworks */ = {isa = PBXBuildFile; fileRef = 84F7B2491DECB11500D74DBB /* Bolts.framework */; };
		84F7B24D1DECB11500D74DBB /* FBSDKCoreKit.framework in Frameworks */ = {isa = PBXBuildFile; fileRef = 84F7B24A1DECB11500D74DBB /* FBSDKCoreKit.framework */; };
		84F7B24E1DECB11500D74DBB /* FBSDKLoginKit.framework in Frameworks */ = {isa = PBXBuildFile; fileRef = 84F7B24B1DECB11500D74DBB /* FBSDKLoginKit.framework */; };
		84F7B2591DECB12A00D74DBB /* ostrich-regular.ttf in Resources */ = {isa = PBXBuildFile; fileRef = 84F7B2501DECB12A00D74DBB /* ostrich-regular.ttf */; };
		84F7B25A1DECB12A00D74DBB /* OstrichSans-Black.otf in Resources */ = {isa = PBXBuildFile; fileRef = 84F7B2511DECB12A00D74DBB /* OstrichSans-Black.otf */; };
		84F7B25B1DECB12A00D74DBB /* OstrichSans-Bold.otf in Resources */ = {isa = PBXBuildFile; fileRef = 84F7B2521DECB12A00D74DBB /* OstrichSans-Bold.otf */; };
		84F7B25C1DECB12A00D74DBB /* OstrichSans-Heavy.otf in Resources */ = {isa = PBXBuildFile; fileRef = 84F7B2531DECB12A00D74DBB /* OstrichSans-Heavy.otf */; };
		84F7B25D1DECB12A00D74DBB /* OstrichSans-Light.otf in Resources */ = {isa = PBXBuildFile; fileRef = 84F7B2541DECB12A00D74DBB /* OstrichSans-Light.otf */; };
		84F7B25E1DECB12A00D74DBB /* Roboto-Bold.ttf in Resources */ = {isa = PBXBuildFile; fileRef = 84F7B2551DECB12A00D74DBB /* Roboto-Bold.ttf */; };
		84F7B25F1DECB12A00D74DBB /* Roboto-Italic.ttf in Resources */ = {isa = PBXBuildFile; fileRef = 84F7B2561DECB12A00D74DBB /* Roboto-Italic.ttf */; };
		84F7B2601DECB12A00D74DBB /* Roboto-Light.ttf in Resources */ = {isa = PBXBuildFile; fileRef = 84F7B2571DECB12A00D74DBB /* Roboto-Light.ttf */; };
		84F7B2611DECB12A00D74DBB /* Roboto-Medium.ttf in Resources */ = {isa = PBXBuildFile; fileRef = 84F7B2581DECB12A00D74DBB /* Roboto-Medium.ttf */; };
		8501BBEEB00E3EB477C25C11 /* Pods_Be_Honest.framework in Frameworks */ = {isa = PBXBuildFile; fileRef = 31C810E0DD67D232B82B928D /* Pods_Be_Honest.framework */; };
/* End PBXBuildFile section */

/* Begin PBXFileReference section */
		31C810E0DD67D232B82B928D /* Pods_Be_Honest.framework */ = {isa = PBXFileReference; explicitFileType = wrapper.framework; includeInIndex = 0; path = Pods_Be_Honest.framework; sourceTree = BUILT_PRODUCTS_DIR; };
		73E6801FC66AFCAE9ECE3914 /* Pods-Be-Honest.debug.xcconfig */ = {isa = PBXFileReference; includeInIndex = 1; lastKnownFileType = text.xcconfig; name = "Pods-Be-Honest.debug.xcconfig"; path = "Pods/Target Support Files/Pods-Be-Honest/Pods-Be-Honest.debug.xcconfig"; sourceTree = "<group>"; };
		77652FDC43F959AF19A3D1B5 /* Pods-Be-Honest.release.xcconfig */ = {isa = PBXFileReference; includeInIndex = 1; lastKnownFileType = text.xcconfig; name = "Pods-Be-Honest.release.xcconfig"; path = "Pods/Target Support Files/Pods-Be-Honest/Pods-Be-Honest.release.xcconfig"; sourceTree = "<group>"; };
		84540DD81D6140C100EED5BC /* Be-Honest-Bridging-Header.h */ = {isa = PBXFileReference; lastKnownFileType = sourcecode.c.h; path = "Be-Honest-Bridging-Header.h"; sourceTree = "<group>"; };
		848CBACD1D6108E7003CFA55 /* Be-Honest.app */ = {isa = PBXFileReference; explicitFileType = wrapper.application; includeInIndex = 0; path = "Be-Honest.app"; sourceTree = BUILT_PRODUCTS_DIR; };
		848CBAD01D6108E8003CFA55 /* AppDelegate.swift */ = {isa = PBXFileReference; lastKnownFileType = sourcecode.swift; path = AppDelegate.swift; sourceTree = "<group>"; };
		848CBAD71D6108E8003CFA55 /* Base */ = {isa = PBXFileReference; lastKnownFileType = file.storyboard; name = Base; path = Base.lproj/Main.storyboard; sourceTree = "<group>"; };
		848CBAD91D6108E8003CFA55 /* Assets.xcassets */ = {isa = PBXFileReference; lastKnownFileType = folder.assetcatalog; path = Assets.xcassets; sourceTree = "<group>"; };
		848CBADC1D6108E8003CFA55 /* Base */ = {isa = PBXFileReference; lastKnownFileType = file.storyboard; name = Base; path = Base.lproj/LaunchScreen.storyboard; sourceTree = "<group>"; };
		848CBADE1D6108E8003CFA55 /* Info.plist */ = {isa = PBXFileReference; lastKnownFileType = text.plist.xml; path = Info.plist; sourceTree = "<group>"; };
		848CBB0F1D61311F003CFA55 /* GoogleService-Info.plist */ = {isa = PBXFileReference; fileEncoding = 4; lastKnownFileType = text.plist.xml; path = "GoogleService-Info.plist"; sourceTree = "<group>"; };
		84F7B21E1DECA79700D74DBB /* Be-Honest.entitlements */ = {isa = PBXFileReference; lastKnownFileType = text.plist.entitlements; path = "Be-Honest.entitlements"; sourceTree = "<group>"; };
		84F7B2201DECB03700D74DBB /* AddPostVC.swift */ = {isa = PBXFileReference; fileEncoding = 4; lastKnownFileType = sourcecode.swift; path = AddPostVC.swift; sourceTree = "<group>"; };
		84F7B2211DECB03700D74DBB /* ChoosePostVC.swift */ = {isa = PBXFileReference; fileEncoding = 4; lastKnownFileType = sourcecode.swift; path = ChoosePostVC.swift; sourceTree = "<group>"; };
		84F7B2221DECB03700D74DBB /* LoginVC.swift */ = {isa = PBXFileReference; fileEncoding = 4; lastKnownFileType = sourcecode.swift; path = LoginVC.swift; sourceTree = "<group>"; };
		84F7B2231DECB03700D74DBB /* PostDetailVC.swift */ = {isa = PBXFileReference; fileEncoding = 4; lastKnownFileType = sourcecode.swift; path = PostDetailVC.swift; sourceTree = "<group>"; };
		84F7B2241DECB03700D74DBB /* PostListVC.swift */ = {isa = PBXFileReference; fileEncoding = 4; lastKnownFileType = sourcecode.swift; path = PostListVC.swift; sourceTree = "<group>"; };
		84F7B22B1DECB0E500D74DBB /* ChoosePostView.swift */ = {isa = PBXFileReference; fileEncoding = 4; lastKnownFileType = sourcecode.swift; path = ChoosePostView.swift; sourceTree = "<group>"; };
		84F7B22C1DECB0E500D74DBB /* CircularLoaderView.swift */ = {isa = PBXFileReference; fileEncoding = 4; lastKnownFileType = sourcecode.swift; path = CircularLoaderView.swift; sourceTree = "<group>"; };
		84F7B22D1DECB0E500D74DBB /* CustomImageView.swift */ = {isa = PBXFileReference; fileEncoding = 4; lastKnownFileType = sourcecode.swift; path = CustomImageView.swift; sourceTree = "<group>"; };
		84F7B22E1DECB0E500D74DBB /* CustomProgressView.swift */ = {isa = PBXFileReference; fileEncoding = 4; lastKnownFileType = sourcecode.swift; path = CustomProgressView.swift; sourceTree = "<group>"; };
		84F7B22F1DECB0E500D74DBB /* ImageLabelView.swift */ = {isa = PBXFileReference; fileEncoding = 4; lastKnownFileType = sourcecode.swift; path = ImageLabelView.swift; sourceTree = "<group>"; };
		84F7B2301DECB0E500D74DBB /* LoginButtonView.swift */ = {isa = PBXFileReference; fileEncoding = 4; lastKnownFileType = sourcecode.swift; path = LoginButtonView.swift; sourceTree = "<group>"; };
		84F7B2311DECB0E500D74DBB /* MaterialTextField.swift */ = {isa = PBXFileReference; fileEncoding = 4; lastKnownFileType = sourcecode.swift; path = MaterialTextField.swift; sourceTree = "<group>"; };
		84F7B2321DECB0E500D74DBB /* MaterialView.swift */ = {isa = PBXFileReference; fileEncoding = 4; lastKnownFileType = sourcecode.swift; path = MaterialView.swift; sourceTree = "<group>"; };
		84F7B2331DECB0E500D74DBB /* PostCell.swift */ = {isa = PBXFileReference; fileEncoding = 4; lastKnownFileType = sourcecode.swift; path = PostCell.swift; sourceTree = "<group>"; };
		84F7B23E1DECB0F400D74DBB /* Post.swift */ = {isa = PBXFileReference; fileEncoding = 4; lastKnownFileType = sourcecode.swift; path = Post.swift; sourceTree = "<group>"; };
		84F7B2411DECB10000D74DBB /* DataService.swift */ = {isa = PBXFileReference; fileEncoding = 4; lastKnownFileType = sourcecode.swift; path = DataService.swift; sourceTree = "<group>"; };
		84F7B2441DECB10A00D74DBB /* Constants.swift */ = {isa = PBXFileReference; fileEncoding = 4; lastKnownFileType = sourcecode.swift; path = Constants.swift; sourceTree = "<group>"; };
		84F7B2451DECB10A00D74DBB /* Extensions.swift */ = {isa = PBXFileReference; fileEncoding = 4; lastKnownFileType = sourcecode.swift; path = Extensions.swift; sourceTree = "<group>"; };
		84F7B2491DECB11500D74DBB /* Bolts.framework */ = {isa = PBXFileReference; lastKnownFileType = wrapper.framework; path = Bolts.framework; sourceTree = "<group>"; };
		84F7B24A1DECB11500D74DBB /* FBSDKCoreKit.framework */ = {isa = PBXFileReference; lastKnownFileType = wrapper.framework; path = FBSDKCoreKit.framework; sourceTree = "<group>"; };
		84F7B24B1DECB11500D74DBB /* FBSDKLoginKit.framework */ = {isa = PBXFileReference; lastKnownFileType = wrapper.framework; path = FBSDKLoginKit.framework; sourceTree = "<group>"; };
		84F7B2501DECB12A00D74DBB /* ostrich-regular.ttf */ = {isa = PBXFileReference; lastKnownFileType = file; path = "ostrich-regular.ttf"; sourceTree = "<group>"; };
		84F7B2511DECB12A00D74DBB /* OstrichSans-Black.otf */ = {isa = PBXFileReference; lastKnownFileType = file; path = "OstrichSans-Black.otf"; sourceTree = "<group>"; };
		84F7B2521DECB12A00D74DBB /* OstrichSans-Bold.otf */ = {isa = PBXFileReference; lastKnownFileType = file; path = "OstrichSans-Bold.otf"; sourceTree = "<group>"; };
		84F7B2531DECB12A00D74DBB /* OstrichSans-Heavy.otf */ = {isa = PBXFileReference; lastKnownFileType = file; path = "OstrichSans-Heavy.otf"; sourceTree = "<group>"; };
		84F7B2541DECB12A00D74DBB /* OstrichSans-Light.otf */ = {isa = PBXFileReference; lastKnownFileType = file; path = "OstrichSans-Light.otf"; sourceTree = "<group>"; };
		84F7B2551DECB12A00D74DBB /* Roboto-Bold.ttf */ = {isa = PBXFileReference; lastKnownFileType = file; path = "Roboto-Bold.ttf"; sourceTree = "<group>"; };
		84F7B2561DECB12A00D74DBB /* Roboto-Italic.ttf */ = {isa = PBXFileReference; lastKnownFileType = file; path = "Roboto-Italic.ttf"; sourceTree = "<group>"; };
		84F7B2571DECB12A00D74DBB /* Roboto-Light.ttf */ = {isa = PBXFileReference; lastKnownFileType = file; path = "Roboto-Light.ttf"; sourceTree = "<group>"; };
		84F7B2581DECB12A00D74DBB /* Roboto-Medium.ttf */ = {isa = PBXFileReference; lastKnownFileType = file; path = "Roboto-Medium.ttf"; sourceTree = "<group>"; };
/* End PBXFileReference section */

/* Begin PBXFrameworksBuildPhase section */
		848CBACA1D6108E7003CFA55 /* Frameworks */ = {
			isa = PBXFrameworksBuildPhase;
			buildActionMask = 2147483647;
			files = (
				8501BBEEB00E3EB477C25C11 /* Pods_Be_Honest.framework in Frameworks */,
				84F7B24D1DECB11500D74DBB /* FBSDKCoreKit.framework in Frameworks */,
				84F7B24E1DECB11500D74DBB /* FBSDKLoginKit.framework in Frameworks */,
				84F7B24C1DECB11500D74DBB /* Bolts.framework in Frameworks */,
			);
			runOnlyForDeploymentPostprocessing = 0;
		};
/* End PBXFrameworksBuildPhase section */

/* Begin PBXGroup section */
		11AFDFEF6164923CF8F71C2C /* Pods */ = {
			isa = PBXGroup;
			children = (
				73E6801FC66AFCAE9ECE3914 /* Pods-Be-Honest.debug.xcconfig */,
				77652FDC43F959AF19A3D1B5 /* Pods-Be-Honest.release.xcconfig */,
			);
			name = Pods;
			sourceTree = "<group>";
		};
		2339AD8ACC492013844122AF /* Frameworks */ = {
			isa = PBXGroup;
			children = (
				31C810E0DD67D232B82B928D /* Pods_Be_Honest.framework */,
			);
			name = Frameworks;
			sourceTree = "<group>";
		};
		848CBAC41D6108E7003CFA55 = {
			isa = PBXGroup;
			children = (
				848CBACF1D6108E8003CFA55 /* Be-Honest */,
				848CBACE1D6108E7003CFA55 /* Products */,
				11AFDFEF6164923CF8F71C2C /* Pods */,
				2339AD8ACC492013844122AF /* Frameworks */,
			);
			sourceTree = "<group>";
		};
		848CBACE1D6108E7003CFA55 /* Products */ = {
			isa = PBXGroup;
			children = (
				848CBACD1D6108E7003CFA55 /* Be-Honest.app */,
			);
			name = Products;
			sourceTree = "<group>";
		};
		848CBACF1D6108E8003CFA55 /* Be-Honest */ = {
			isa = PBXGroup;
			children = (
				84F7B21E1DECA79700D74DBB /* Be-Honest.entitlements */,
				84F7B2401DECB10000D74DBB /* Services */,
				84F7B2431DECB10A00D74DBB /* Utils */,
				84F7B2481DECB11500D74DBB /* Frameworks */,
				84F7B21F1DECB03700D74DBB /* Controller */,
				84F7B23D1DECB0F400D74DBB /* Model */,
				84F7B22A1DECB0E500D74DBB /* View */,
				84F7B24F1DECB12A00D74DBB /* Resources */,
				848CBAD01D6108E8003CFA55 /* AppDelegate.swift */,
				848CBAD61D6108E8003CFA55 /* Main.storyboard */,
				848CBAD91D6108E8003CFA55 /* Assets.xcassets */,
				848CBADB1D6108E8003CFA55 /* LaunchScreen.storyboard */,
				848CBADE1D6108E8003CFA55 /* Info.plist */,
				848CBB0F1D61311F003CFA55 /* GoogleService-Info.plist */,
				84540DD81D6140C100EED5BC /* Be-Honest-Bridging-Header.h */,
			);
			path = "Be-Honest";
			sourceTree = "<group>";
		};
		84F7B21F1DECB03700D74DBB /* Controller */ = {
			isa = PBXGroup;
			children = (
				84F7B2201DECB03700D74DBB /* AddPostVC.swift */,
				84F7B2211DECB03700D74DBB /* ChoosePostVC.swift */,
				84F7B2221DECB03700D74DBB /* LoginVC.swift */,
				84F7B2231DECB03700D74DBB /* PostDetailVC.swift */,
				84F7B2241DECB03700D74DBB /* PostListVC.swift */,
			);
			path = Controller;
			sourceTree = "<group>";
		};
		84F7B22A1DECB0E500D74DBB /* View */ = {
			isa = PBXGroup;
			children = (
				84F7B22B1DECB0E500D74DBB /* ChoosePostView.swift */,
				84F7B22C1DECB0E500D74DBB /* CircularLoaderView.swift */,
				84F7B22D1DECB0E500D74DBB /* CustomImageView.swift */,
				84F7B22E1DECB0E500D74DBB /* CustomProgressView.swift */,
				84F7B22F1DECB0E500D74DBB /* ImageLabelView.swift */,
				84F7B2301DECB0E500D74DBB /* LoginButtonView.swift */,
				84F7B2311DECB0E500D74DBB /* MaterialTextField.swift */,
				84F7B2321DECB0E500D74DBB /* MaterialView.swift */,
				84F7B2331DECB0E500D74DBB /* PostCell.swift */,
			);
			path = View;
			sourceTree = "<group>";
		};
		84F7B23D1DECB0F400D74DBB /* Model */ = {
			isa = PBXGroup;
			children = (
				84F7B23E1DECB0F400D74DBB /* Post.swift */,
			);
			path = Model;
			sourceTree = "<group>";
		};
		84F7B2401DECB10000D74DBB /* Services */ = {
			isa = PBXGroup;
			children = (
				84F7B2411DECB10000D74DBB /* DataService.swift */,
			);
			path = Services;
			sourceTree = "<group>";
		};
		84F7B2431DECB10A00D74DBB /* Utils */ = {
			isa = PBXGroup;
			children = (
				84F7B2441DECB10A00D74DBB /* Constants.swift */,
				84F7B2451DECB10A00D74DBB /* Extensions.swift */,
			);
			path = Utils;
			sourceTree = "<group>";
		};
		84F7B2481DECB11500D74DBB /* Frameworks */ = {
			isa = PBXGroup;
			children = (
				84F7B2491DECB11500D74DBB /* Bolts.framework */,
				84F7B24A1DECB11500D74DBB /* FBSDKCoreKit.framework */,
				84F7B24B1DECB11500D74DBB /* FBSDKLoginKit.framework */,
			);
			path = Frameworks;
			sourceTree = "<group>";
		};
		84F7B24F1DECB12A00D74DBB /* Resources */ = {
			isa = PBXGroup;
			children = (
				84F7B2501DECB12A00D74DBB /* ostrich-regular.ttf */,
				84F7B2511DECB12A00D74DBB /* OstrichSans-Black.otf */,
				84F7B2521DECB12A00D74DBB /* OstrichSans-Bold.otf */,
				84F7B2531DECB12A00D74DBB /* OstrichSans-Heavy.otf */,
				84F7B2541DECB12A00D74DBB /* OstrichSans-Light.otf */,
				84F7B2551DECB12A00D74DBB /* Roboto-Bold.ttf */,
				84F7B2561DECB12A00D74DBB /* Roboto-Italic.ttf */,
				84F7B2571DECB12A00D74DBB /* Roboto-Light.ttf */,
				84F7B2581DECB12A00D74DBB /* Roboto-Medium.ttf */,
			);
			path = Resources;
			sourceTree = "<group>";
		};
/* End PBXGroup section */

/* Begin PBXNativeTarget section */
		848CBACC1D6108E7003CFA55 /* Be-Honest */ = {
			isa = PBXNativeTarget;
			buildConfigurationList = 848CBAE11D6108E8003CFA55 /* Build configuration list for PBXNativeTarget "Be-Honest" */;
			buildPhases = (
				84CF82CD4796DD6FD4BCA48E /* [CP] Check Pods Manifest.lock */,
				848CBAC91D6108E7003CFA55 /* Sources */,
				848CBACA1D6108E7003CFA55 /* Frameworks */,
				848CBACB1D6108E7003CFA55 /* Resources */,
				DCE5E8730EB245245F608A1F /* [CP] Embed Pods Frameworks */,
				8BCA7E5358C4D7B462EA25D3 /* [CP] Copy Pods Resources */,
			);
			buildRules = (
			);
			dependencies = (
			);
			name = "Be-Honest";
			productName = "Be-Honest";
			productReference = 848CBACD1D6108E7003CFA55 /* Be-Honest.app */;
			productType = "com.apple.product-type.application";
		};
/* End PBXNativeTarget section */

/* Begin PBXProject section */
		848CBAC51D6108E7003CFA55 /* Project object */ = {
			isa = PBXProject;
			attributes = {
				LastSwiftUpdateCheck = 0730;
				LastUpgradeCheck = 0810;
				ORGANIZATIONNAME = ajkolean;
				TargetAttributes = {
					848CBACC1D6108E7003CFA55 = {
						CreatedOnToolsVersion = 7.3.1;
						DevelopmentTeam = VW7JTDHU45;
						LastSwiftMigration = 0810;
						SystemCapabilities = {
							com.apple.Keychain = {
								enabled = 1;
							};
						};
					};
				};
			};
			buildConfigurationList = 848CBAC81D6108E7003CFA55 /* Build configuration list for PBXProject "Be-Honest" */;
			compatibilityVersion = "Xcode 3.2";
			developmentRegion = English;
			hasScannedForEncodings = 0;
			knownRegions = (
				en,
				Base,
			);
			mainGroup = 848CBAC41D6108E7003CFA55;
			productRefGroup = 848CBACE1D6108E7003CFA55 /* Products */;
			projectDirPath = "";
			projectRoot = "";
			targets = (
				848CBACC1D6108E7003CFA55 /* Be-Honest */,
			);
		};
/* End PBXProject section */

/* Begin PBXResourcesBuildPhase section */
		848CBACB1D6108E7003CFA55 /* Resources */ = {
			isa = PBXResourcesBuildPhase;
			buildActionMask = 2147483647;
			files = (
				84F7B2611DECB12A00D74DBB /* Roboto-Medium.ttf in Resources */,
				84F7B2591DECB12A00D74DBB /* ostrich-regular.ttf in Resources */,
				848CBADD1D6108E8003CFA55 /* LaunchScreen.storyboard in Resources */,
				84F7B2601DECB12A00D74DBB /* Roboto-Light.ttf in Resources */,
				84F7B25E1DECB12A00D74DBB /* Roboto-Bold.ttf in Resources */,
				848CBADA1D6108E8003CFA55 /* Assets.xcassets in Resources */,
				84F7B25D1DECB12A00D74DBB /* OstrichSans-Light.otf in Resources */,
				84F7B25A1DECB12A00D74DBB /* OstrichSans-Black.otf in Resources */,
				84F7B25B1DECB12A00D74DBB /* OstrichSans-Bold.otf in Resources */,
				848CBAD81D6108E8003CFA55 /* Main.storyboard in Resources */,
				848CBB101D61311F003CFA55 /* GoogleService-Info.plist in Resources */,
				84F7B25F1DECB12A00D74DBB /* Roboto-Italic.ttf in Resources */,
				84F7B25C1DECB12A00D74DBB /* OstrichSans-Heavy.otf in Resources */,
			);
			runOnlyForDeploymentPostprocessing = 0;
		};
/* End PBXResourcesBuildPhase section */

/* Begin PBXShellScriptBuildPhase section */
		84CF82CD4796DD6FD4BCA48E /* [CP] Check Pods Manifest.lock */ = {
			isa = PBXShellScriptBuildPhase;
			buildActionMask = 2147483647;
			files = (
			);
			inputPaths = (
			);
			name = "[CP] Check Pods Manifest.lock";
			outputPaths = (
			);
			runOnlyForDeploymentPostprocessing = 0;
			shellPath = /bin/sh;
			shellScript = "diff \"${PODS_ROOT}/../Podfile.lock\" \"${PODS_ROOT}/Manifest.lock\" > /dev/null\nif [ $? != 0 ] ; then\n    # print error to STDERR\n    echo \"error: The sandbox is not in sync with the Podfile.lock. Run 'pod install' or update your CocoaPods installation.\" >&2\n    exit 1\nfi\n";
			showEnvVarsInLog = 0;
		};
		8BCA7E5358C4D7B462EA25D3 /* [CP] Copy Pods Resources */ = {
			isa = PBXShellScriptBuildPhase;
			buildActionMask = 2147483647;
			files = (
			);
			inputPaths = (
			);
			name = "[CP] Copy Pods Resources";
			outputPaths = (
			);
			runOnlyForDeploymentPostprocessing = 0;
			shellPath = /bin/sh;
			shellScript = "\"${SRCROOT}/Pods/Target Support Files/Pods-Be-Honest/Pods-Be-Honest-resources.sh\"\n";
			showEnvVarsInLog = 0;
		};
		DCE5E8730EB245245F608A1F /* [CP] Embed Pods Frameworks */ = {
			isa = PBXShellScriptBuildPhase;
			buildActionMask = 2147483647;
			files = (
			);
			inputPaths = (
			);
			name = "[CP] Embed Pods Frameworks";
			outputPaths = (
			);
			runOnlyForDeploymentPostprocessing = 0;
			shellPath = /bin/sh;
			shellScript = "\"${SRCROOT}/Pods/Target Support Files/Pods-Be-Honest/Pods-Be-Honest-frameworks.sh\"\n";
			showEnvVarsInLog = 0;
		};
/* End PBXShellScriptBuildPhase section */

/* Begin PBXSourcesBuildPhase section */
		848CBAC91D6108E7003CFA55 /* Sources */ = {
			isa = PBXSourcesBuildPhase;
			buildActionMask = 2147483647;
			files = (
				84F7B2391DECB0E500D74DBB /* LoginButtonView.swift in Sources */,
				84F7B2271DECB03700D74DBB /* LoginVC.swift in Sources */,
				84F7B2341DECB0E500D74DBB /* ChoosePostView.swift in Sources */,
				84F7B23B1DECB0E500D74DBB /* MaterialView.swift in Sources */,
				84F7B2351DECB0E500D74DBB /* CircularLoaderView.swift in Sources */,
				84F7B2251DECB03700D74DBB /* AddPostVC.swift in Sources */,
				84F7B2421DECB10000D74DBB /* DataService.swift in Sources */,
				84F7B2471DECB10A00D74DBB /* Extensions.swift in Sources */,
				848CBAD11D6108E8003CFA55 /* AppDelegate.swift in Sources */,
				84F7B2261DECB03700D74DBB /* ChoosePostVC.swift in Sources */,
				84F7B2381DECB0E500D74DBB /* ImageLabelView.swift in Sources */,
				84F7B23A1DECB0E500D74DBB /* MaterialTextField.swift in Sources */,
				84F7B23C1DECB0E500D74DBB /* PostCell.swift in Sources */,
				84F7B2281DECB03700D74DBB /* PostDetailVC.swift in Sources */,
				84F7B2291DECB03700D74DBB /* PostListVC.swift in Sources */,
				84F7B23F1DECB0F400D74DBB /* Post.swift in Sources */,
				84F7B2371DECB0E500D74DBB /* CustomProgressView.swift in Sources */,
				84F7B2361DECB0E500D74DBB /* CustomImageView.swift in Sources */,
				84F7B2461DECB10A00D74DBB /* Constants.swift in Sources */,
			);
			runOnlyForDeploymentPostprocessing = 0;
		};
/* End PBXSourcesBuildPhase section */

/* Begin PBXVariantGroup section */
		848CBAD61D6108E8003CFA55 /* Main.storyboard */ = {
			isa = PBXVariantGroup;
			children = (
				848CBAD71D6108E8003CFA55 /* Base */,
			);
			name = Main.storyboard;
			sourceTree = "<group>";
		};
		848CBADB1D6108E8003CFA55 /* LaunchScreen.storyboard */ = {
			isa = PBXVariantGroup;
			children = (
				848CBADC1D6108E8003CFA55 /* Base */,
			);
			name = LaunchScreen.storyboard;
			sourceTree = "<group>";
		};
/* End PBXVariantGroup section */

/* Begin XCBuildConfiguration section */
		848CBADF1D6108E8003CFA55 /* Debug */ = {
			isa = XCBuildConfiguration;
			buildSettings = {
				ALWAYS_SEARCH_USER_PATHS = NO;
				CLANG_ANALYZER_NONNULL = YES;
				CLANG_CXX_LANGUAGE_STANDARD = "gnu++0x";
				CLANG_CXX_LIBRARY = "libc++";
				CLANG_ENABLE_MODULES = YES;
				CLANG_ENABLE_OBJC_ARC = YES;
				CLANG_WARN_BOOL_CONVERSION = YES;
				CLANG_WARN_CONSTANT_CONVERSION = YES;
				CLANG_WARN_DIRECT_OBJC_ISA_USAGE = YES_ERROR;
				CLANG_WARN_EMPTY_BODY = YES;
				CLANG_WARN_ENUM_CONVERSION = YES;
				CLANG_WARN_INFINITE_RECURSION = YES;
				CLANG_WARN_INT_CONVERSION = YES;
				CLANG_WARN_OBJC_ROOT_CLASS = YES_ERROR;
				CLANG_WARN_SUSPICIOUS_MOVE = YES;
				CLANG_WARN_UNREACHABLE_CODE = YES;
				CLANG_WARN__DUPLICATE_METHOD_MATCH = YES;
				"CODE_SIGN_IDENTITY[sdk=iphoneos*]" = "iPhone Developer";
				COPY_PHASE_STRIP = NO;
				DEBUG_INFORMATION_FORMAT = dwarf;
				ENABLE_STRICT_OBJC_MSGSEND = YES;
				ENABLE_TESTABILITY = YES;
				GCC_C_LANGUAGE_STANDARD = gnu99;
				GCC_DYNAMIC_NO_PIC = NO;
				GCC_NO_COMMON_BLOCKS = YES;
				GCC_OPTIMIZATION_LEVEL = 0;
				GCC_PREPROCESSOR_DEFINITIONS = (
					"DEBUG=1",
					"$(inherited)",
				);
				GCC_WARN_64_TO_32_BIT_CONVERSION = YES;
				GCC_WARN_ABOUT_RETURN_TYPE = YES_ERROR;
				GCC_WARN_UNDECLARED_SELECTOR = YES;
				GCC_WARN_UNINITIALIZED_AUTOS = YES_AGGRESSIVE;
				GCC_WARN_UNUSED_FUNCTION = YES;
				GCC_WARN_UNUSED_VARIABLE = YES;
				IPHONEOS_DEPLOYMENT_TARGET = 9.3;
				MTL_ENABLE_DEBUG_INFO = YES;
				ONLY_ACTIVE_ARCH = YES;
				SDKROOT = iphoneos;
				SWIFT_OPTIMIZATION_LEVEL = "-Onone";
				TARGETED_DEVICE_FAMILY = "1,2";
			};
			name = Debug;
		};
		848CBAE01D6108E8003CFA55 /* Release */ = {
			isa = XCBuildConfiguration;
			buildSettings = {
				ALWAYS_SEARCH_USER_PATHS = NO;
				CLANG_ANALYZER_NONNULL = YES;
				CLANG_CXX_LANGUAGE_STANDARD = "gnu++0x";
				CLANG_CXX_LIBRARY = "libc++";
				CLANG_ENABLE_MODULES = YES;
				CLANG_ENABLE_OBJC_ARC = YES;
				CLANG_WARN_BOOL_CONVERSION = YES;
				CLANG_WARN_CONSTANT_CONVERSION = YES;
				CLANG_WARN_DIRECT_OBJC_ISA_USAGE = YES_ERROR;
				CLANG_WARN_EMPTY_BODY = YES;
				CLANG_WARN_ENUM_CONVERSION = YES;
				CLANG_WARN_INFINITE_RECURSION = YES;
				CLANG_WARN_INT_CONVERSION = YES;
				CLANG_WARN_OBJC_ROOT_CLASS = YES_ERROR;
				CLANG_WARN_SUSPICIOUS_MOVE = YES;
				CLANG_WARN_UNREACHABLE_CODE = YES;
				CLANG_WARN__DUPLICATE_METHOD_MATCH = YES;
				"CODE_SIGN_IDENTITY[sdk=iphoneos*]" = "iPhone Developer";
				COPY_PHASE_STRIP = NO;
				DEBUG_INFORMATION_FORMAT = "dwarf-with-dsym";
				ENABLE_NS_ASSERTIONS = NO;
				ENABLE_STRICT_OBJC_MSGSEND = YES;
				GCC_C_LANGUAGE_STANDARD = gnu99;
				GCC_NO_COMMON_BLOCKS = YES;
				GCC_WARN_64_TO_32_BIT_CONVERSION = YES;
				GCC_WARN_ABOUT_RETURN_TYPE = YES_ERROR;
				GCC_WARN_UNDECLARED_SELECTOR = YES;
				GCC_WARN_UNINITIALIZED_AUTOS = YES_AGGRESSIVE;
				GCC_WARN_UNUSED_FUNCTION = YES;
				GCC_WARN_UNUSED_VARIABLE = YES;
				IPHONEOS_DEPLOYMENT_TARGET = 9.3;
				MTL_ENABLE_DEBUG_INFO = NO;
				SDKROOT = iphoneos;
				SWIFT_OPTIMIZATION_LEVEL = "-Owholemodule";
				TARGETED_DEVICE_FAMILY = "1,2";
				VALIDATE_PRODUCT = YES;
			};
			name = Release;
		};
		848CBAE21D6108E8003CFA55 /* Debug */ = {
			isa = XCBuildConfiguration;
			baseConfigurationReference = 73E6801FC66AFCAE9ECE3914 /* Pods-Be-Honest.debug.xcconfig */;
			buildSettings = {
				ASSETCATALOG_COMPILER_APPICON_NAME = AppIcon;
				CLANG_ENABLE_MODULES = YES;
				CODE_SIGN_ENTITLEMENTS = "Be-Honest/Be-Honest.entitlements";
				CODE_SIGN_IDENTITY = "iPhone Developer";
				"CODE_SIGN_IDENTITY[sdk=iphoneos*]" = "iPhone Developer";
				FRAMEWORK_SEARCH_PATHS = (
					"$(inherited)",
					"$(PROJECT_DIR)/Be-Honest",
					"$(PROJECT_DIR)/Be-Honest/Frameworks",
				);
				INFOPLIST_FILE = "Be-Honest/Info.plist";
				IPHONEOS_DEPLOYMENT_TARGET = 9.0;
				LD_RUNPATH_SEARCH_PATHS = "$(inherited) @executable_path/Frameworks";
				PRODUCT_BUNDLE_IDENTIFIER = com.ajkolean.behonest;
				PRODUCT_NAME = "$(TARGET_NAME)";
				PROVISIONING_PROFILE = "";
				SWIFT_OBJC_BRIDGING_HEADER = "Be-Honest/Be-Honest-Bridging-Header.h";
				SWIFT_OPTIMIZATION_LEVEL = "-Onone";
				SWIFT_VERSION = 3.0;
				TARGETED_DEVICE_FAMILY = 1;
			};
			name = Debug;
		};
		848CBAE31D6108E8003CFA55 /* Release */ = {
			isa = XCBuildConfiguration;
			baseConfigurationReference = 77652FDC43F959AF19A3D1B5 /* Pods-Be-Honest.release.xcconfig */;
			buildSettings = {
				ASSETCATALOG_COMPILER_APPICON_NAME = AppIcon;
				CLANG_ENABLE_MODULES = YES;
				CODE_SIGN_ENTITLEMENTS = "Be-Honest/Be-Honest.entitlements";
				CODE_SIGN_IDENTITY = "iPhone Developer";
				"CODE_SIGN_IDENTITY[sdk=iphoneos*]" = "iPhone Developer";
				FRAMEWORK_SEARCH_PATHS = (
					"$(inherited)",
					"$(PROJECT_DIR)/Be-Honest",
					"$(PROJECT_DIR)/Be-Honest/Frameworks",
				);
				INFOPLIST_FILE = "Be-Honest/Info.plist";
				IPHONEOS_DEPLOYMENT_TARGET = 9.0;
				LD_RUNPATH_SEARCH_PATHS = "$(inherited) @executable_path/Frameworks";
				PRODUCT_BUNDLE_IDENTIFIER = com.ajkolean.behonest;
				PRODUCT_NAME = "$(TARGET_NAME)";
				PROVISIONING_PROFILE = "";
				SWIFT_OBJC_BRIDGING_HEADER = "Be-Honest/Be-Honest-Bridging-Header.h";
				SWIFT_VERSION = 3.0;
				TARGETED_DEVICE_FAMILY = 1;
			};
			name = Release;
		};
/* End XCBuildConfiguration section */

/* Begin XCConfigurationList section */
		848CBAC81D6108E7003CFA55 /* Build configuration list for PBXProject "Be-Honest" */ = {
			isa = XCConfigurationList;
			buildConfigurations = (
				848CBADF1D6108E8003CFA55 /* Debug */,
				848CBAE01D6108E8003CFA55 /* Release */,
			);
			defaultConfigurationIsVisible = 0;
			defaultConfigurationName = Release;
		};
		848CBAE11D6108E8003CFA55 /* Build configuration list for PBXNativeTarget "Be-Honest" */ = {
			isa = XCConfigurationList;
			buildConfigurations = (
				848CBAE21D6108E8003CFA55 /* Debug */,
				848CBAE31D6108E8003CFA55 /* Release */,
			);
			defaultConfigurationIsVisible = 0;
			defaultConfigurationName = Release;
		};
/* End XCConfigurationList section */
	};
	rootObject = 848CBAC51D6108E7003CFA55 /* Project object */;
}
